
Microsoft Visual Studio Solution File, Format Version 12.00
# Visual Studio Version 16
VisualStudioVersion = 16.0.34729.46
MinimumVisualStudioVersion = 10.0.40219.1
Project("{8BC9CEB8-8B4A-11D0-8D11-00A0C91BC942}") = "DataStructureAndAlgorithms", "DataStructureAndAlgorithms\DataStructureAndAlgorithms.vcxproj", "{2B7EDF85-BDE1-478F-9783-45747294DE31}"
EndProject
Global
	GlobalSection(SolutionConfigurationPlatforms) = preSolution
		Debug|x64 = Debug|x64
		Debug|x86 = Debug|x86
		Release|x64 = Release|x64
		Release|x86 = Release|x86
	EndGlobalSection
	GlobalSection(ProjectConfigurationPlatforms) = postSolution
		{2B7EDF85-BDE1-478F-9783-45747294DE31}.Debug|x64.ActiveCfg = Debug|x64
		{2B7EDF85-BDE1-478F-9783-45747294DE31}.Debug|x64.Build.0 = Debug|x64
		{2B7EDF85-BDE1-478F-9783-45747294DE31}.Debug|x86.ActiveCfg = Debug|Win32
		{2B7EDF85-BDE1-478F-9783-45747294DE31}.Debug|x86.Build.0 = Debug|Win32
		{2B7EDF85-BDE1-478F-9783-45747294DE31}.Release|x64.ActiveCfg = Release|x64
		{2B7EDF85-BDE1-478F-9783-45747294DE31}.Release|x64.Build.0 = Release|x64
		{2B7EDF85-BDE1-478F-9783-45747294DE31}.Release|x86.ActiveCfg = Release|Win32
		{2B7EDF85-BDE1-478F-9783-45747294DE31}.Release|x86.Build.0 = Release|Win32
	EndGlobalSection
	GlobalSection(SolutionProperties) = preSolution
		HideSolutionNode = FALSE
	EndGlobalSection
	GlobalSection(ExtensibilityGlobals) = postSolution
		SolutionGuid = {875C5B44-D4EA-47BC-936A-7D777CF44904}
	EndGlobalSection
EndGlobal
